
Microsoft Visual Studio Solution File, Format Version 12.00
# Visual Studio 14
VisualStudioVersion = 14.0.23107.0
MinimumVisualStudioVersion = 10.0.40219.1
Project("{FAE04EC0-301F-11D3-BF4B-00C04F79EFBC}") = "TaskManagerMain", "TaskManager\TaskManagerMain.csproj", "{9666157B-1470-405D-80C6-DEBFFA888ACF}"
EndProject
Project("{FAE04EC0-301F-11D3-BF4B-00C04F79EFBC}") = "TaskManager", "TaskManager_Method\TaskManager.csproj", "{8DD619C3-9D71-4A3B-8721-C0B499722C7D}"
EndProject
Project("{FAE04EC0-301F-11D3-BF4B-00C04F79EFBC}") = "TaskManager.Tests", "TaskManager.Tests\TaskManager.Tests.csproj", "{57628141-7504-4350-A5BC-E005A6F92F3F}"
EndProject
Global
	GlobalSection(SolutionConfigurationPlatforms) = preSolution
		Debug|Any CPU = Debug|Any CPU
		Release|Any CPU = Release|Any CPU
	EndGlobalSection
	GlobalSection(ProjectConfigurationPlatforms) = postSolution
		{9666157B-1470-405D-80C6-DEBFFA888ACF}.Debug|Any CPU.ActiveCfg = Debug|Any CPU
		{9666157B-1470-405D-80C6-DEBFFA888ACF}.Debug|Any CPU.Build.0 = Debug|Any CPU
		{9666157B-1470-405D-80C6-DEBFFA888ACF}.Release|Any CPU.ActiveCfg = Release|Any CPU
		{9666157B-1470-405D-80C6-DEBFFA888ACF}.Release|Any CPU.Build.0 = Release|Any CPU
		{8DD619C3-9D71-4A3B-8721-C0B499722C7D}.Debug|Any CPU.ActiveCfg = Debug|Any CPU
		{8DD619C3-9D71-4A3B-8721-C0B499722C7D}.Debug|Any CPU.Build.0 = Debug|Any CPU
		{8DD619C3-9D71-4A3B-8721-C0B499722C7D}.Release|Any CPU.ActiveCfg = Release|Any CPU
		{8DD619C3-9D71-4A3B-8721-C0B499722C7D}.Release|Any CPU.Build.0 = Release|Any CPU
		{57628141-7504-4350-A5BC-E005A6F92F3F}.Debug|Any CPU.ActiveCfg = Debug|Any CPU
		{57628141-7504-4350-A5BC-E005A6F92F3F}.Debug|Any CPU.Build.0 = Debug|Any CPU
		{57628141-7504-4350-A5BC-E005A6F92F3F}.Release|Any CPU.ActiveCfg = Release|Any CPU
		{57628141-7504-4350-A5BC-E005A6F92F3F}.Release|Any CPU.Build.0 = Release|Any CPU
	EndGlobalSection
	GlobalSection(SolutionProperties) = preSolution
		HideSolutionNode = FALSE
	EndGlobalSection
EndGlobal
